
Microsoft Visual Studio Solution File, Format Version 12.00
# Visual Studio Version 17
VisualStudioVersion = 17.14.36511.14 d17.14
MinimumVisualStudioVersion = 10.0.40219.1
Project("{FAE04EC0-301F-11D3-BF4B-00C04F79EFBC}") = "AuthService", "AuthService\AuthService.csproj", "{E84B8A55-03EE-4D7F-86E1-12CEF7B11E7B}"
EndProject
Project("{FAE04EC0-301F-11D3-BF4B-00C04F79EFBC}") = "ProfileService", "ProfileService\ProfileService.csproj", "{00B04B2F-0F00-4864-A0CC-206BEFCDCAEB}"
EndProject
Project("{FAE04EC0-301F-11D3-BF4B-00C04F79EFBC}") = "ApiGateway", "ApiGateway\ApiGateway.csproj", "{3ADDBEBC-807D-4FF3-84DF-33A5C8386B6D}"
EndProject
Global
	GlobalSection(SolutionConfigurationPlatforms) = preSolution
		Debug|Any CPU = Debug|Any CPU
		Release|Any CPU = Release|Any CPU
	EndGlobalSection
	GlobalSection(ProjectConfigurationPlatforms) = postSolution
		{E84B8A55-03EE-4D7F-86E1-12CEF7B11E7B}.Debug|Any CPU.ActiveCfg = Debug|Any CPU
		{E84B8A55-03EE-4D7F-86E1-12CEF7B11E7B}.Debug|Any CPU.Build.0 = Debug|Any CPU
		{E84B8A55-03EE-4D7F-86E1-12CEF7B11E7B}.Release|Any CPU.ActiveCfg = Release|Any CPU
		{E84B8A55-03EE-4D7F-86E1-12CEF7B11E7B}.Release|Any CPU.Build.0 = Release|Any CPU
		{00B04B2F-0F00-4864-A0CC-206BEFCDCAEB}.Debug|Any CPU.ActiveCfg = Debug|Any CPU
		{00B04B2F-0F00-4864-A0CC-206BEFCDCAEB}.Debug|Any CPU.Build.0 = Debug|Any CPU
		{00B04B2F-0F00-4864-A0CC-206BEFCDCAEB}.Release|Any CPU.ActiveCfg = Release|Any CPU
		{00B04B2F-0F00-4864-A0CC-206BEFCDCAEB}.Release|Any CPU.Build.0 = Release|Any CPU
		{3ADDBEBC-807D-4FF3-84DF-33A5C8386B6D}.Debug|Any CPU.ActiveCfg = Debug|Any CPU
		{3ADDBEBC-807D-4FF3-84DF-33A5C8386B6D}.Debug|Any CPU.Build.0 = Debug|Any CPU
		{3ADDBEBC-807D-4FF3-84DF-33A5C8386B6D}.Release|Any CPU.ActiveCfg = Release|Any CPU
		{3ADDBEBC-807D-4FF3-84DF-33A5C8386B6D}.Release|Any CPU.Build.0 = Release|Any CPU
	EndGlobalSection
	GlobalSection(SolutionProperties) = preSolution
		HideSolutionNode = FALSE
	EndGlobalSection
	GlobalSection(ExtensibilityGlobals) = postSolution
		SolutionGuid = {0E43445A-9174-4212-8213-FFF8874F0B95}
	EndGlobalSection
EndGlobal
